{
    "version": 3,
    "terraform_version": "0.11.11",
    "serial": 6,
    "lineage": "2092e437-220c-6323-fb79-9980d972f02b",
    "modules": [
        {
            "path": [
                "root"
            ],
            "outputs": {},
            "resources": {
                "azurerm_network_security_group.test": {
                    "type": "azurerm_network_security_group",
                    "depends_on": [
                        "azurerm_resource_group.test"
                    ],
                    "primary": {
                        "id": "/subscriptions/61ed2619-32a9-45d9-8e24-771cc7c48d4a/resourceGroups/abs3/providers/Microsoft.Network/networkSecurityGroups/abs3-nsg",
                        "attributes": {
                            "id": "/subscriptions/61ed2619-32a9-45d9-8e24-771cc7c48d4a/resourceGroups/abs3/providers/Microsoft.Network/networkSecurityGroups/abs3-nsg",
                            "location": "westus2",
                            "name": "abs3-nsg",
                            "resource_group_name": "abs3",
                            "security_rule.#": "6",
                            "security_rule.1038130765.access": "Allow",
                            "security_rule.1038130765.description": "",
                            "security_rule.1038130765.destination_address_prefix": "*",
                            "security_rule.1038130765.destination_address_prefixes.#": "0",
                            "security_rule.1038130765.destination_application_security_group_ids.#": "0",
                            "security_rule.1038130765.destination_port_range": "80",
                            "security_rule.1038130765.destination_port_ranges.#": "0",
                            "security_rule.1038130765.direction": "Inbound",
                            "security_rule.1038130765.name": "allow-http",
                            "security_rule.1038130765.priority": "1010",
                            "security_rule.1038130765.protocol": "Tcp",
                            "security_rule.1038130765.source_address_prefix": "*",
                            "security_rule.1038130765.source_address_prefixes.#": "0",
                            "security_rule.1038130765.source_application_security_group_ids.#": "0",
                            "security_rule.1038130765.source_port_range": "*",
                            "security_rule.1038130765.source_port_ranges.#": "0",
                            "security_rule.2989861469.access": "Allow",
                            "security_rule.2989861469.description": "",
                            "security_rule.2989861469.destination_address_prefix": "*",
                            "security_rule.2989861469.destination_address_prefixes.#": "0",
                            "security_rule.2989861469.destination_application_security_group_ids.#": "0",
                            "security_rule.2989861469.destination_port_range": "443",
                            "security_rule.2989861469.destination_port_ranges.#": "0",
                            "security_rule.2989861469.direction": "Inbound",
                            "security_rule.2989861469.name": "https",
                            "security_rule.2989861469.priority": "1050",
                            "security_rule.2989861469.protocol": "Tcp",
                            "security_rule.2989861469.source_address_prefix": "*",
                            "security_rule.2989861469.source_address_prefixes.#": "0",
                            "security_rule.2989861469.source_application_security_group_ids.#": "0",
                            "security_rule.2989861469.source_port_range": "*",
                            "security_rule.2989861469.source_port_ranges.#": "0",
                            "security_rule.3246140735.access": "Allow",
                            "security_rule.3246140735.description": "",
                            "security_rule.3246140735.destination_address_prefix": "*",
                            "security_rule.3246140735.destination_address_prefixes.#": "0",
                            "security_rule.3246140735.destination_application_security_group_ids.#": "0",
                            "security_rule.3246140735.destination_port_range": "22",
                            "security_rule.3246140735.destination_port_ranges.#": "0",
                            "security_rule.3246140735.direction": "Inbound",
                            "security_rule.3246140735.name": "allow-ssh",
                            "security_rule.3246140735.priority": "1000",
                            "security_rule.3246140735.protocol": "Tcp",
                            "security_rule.3246140735.source_address_prefix": "*",
                            "security_rule.3246140735.source_address_prefixes.#": "0",
                            "security_rule.3246140735.source_application_security_group_ids.#": "0",
                            "security_rule.3246140735.source_port_range": "*",
                            "security_rule.3246140735.source_port_ranges.#": "0",
                            "security_rule.4057014683.access": "Allow",
                            "security_rule.4057014683.description": "",
                            "security_rule.4057014683.destination_address_prefix": "*",
                            "security_rule.4057014683.destination_address_prefixes.#": "0",
                            "security_rule.4057014683.destination_application_security_group_ids.#": "0",
                            "security_rule.4057014683.destination_port_range": "50000",
                            "security_rule.4057014683.destination_port_ranges.#": "0",
                            "security_rule.4057014683.direction": "Inbound",
                            "security_rule.4057014683.name": "allow-jenkins-JNLP",
                            "security_rule.4057014683.priority": "1030",
                            "security_rule.4057014683.protocol": "Tcp",
                            "security_rule.4057014683.source_address_prefix": "*",
                            "security_rule.4057014683.source_address_prefixes.#": "0",
                            "security_rule.4057014683.source_application_security_group_ids.#": "0",
                            "security_rule.4057014683.source_port_range": "*",
                            "security_rule.4057014683.source_port_ranges.#": "0",
                            "security_rule.701568920.access": "Allow",
                            "security_rule.701568920.description": "",
                            "security_rule.701568920.destination_address_prefix": "*",
                            "security_rule.701568920.destination_address_prefixes.#": "0",
                            "security_rule.701568920.destination_application_security_group_ids.#": "0",
                            "security_rule.701568920.destination_port_range": "2376",
                            "security_rule.701568920.destination_port_ranges.#": "0",
                            "security_rule.701568920.direction": "Inbound",
                            "security_rule.701568920.name": "allow-docker-tls",
                            "security_rule.701568920.priority": "1020",
                            "security_rule.701568920.protocol": "Tcp",
                            "security_rule.701568920.source_address_prefix": "*",
                            "security_rule.701568920.source_address_prefixes.#": "0",
                            "security_rule.701568920.source_application_security_group_ids.#": "0",
                            "security_rule.701568920.source_port_range": "*",
                            "security_rule.701568920.source_port_ranges.#": "0",
                            "security_rule.969778126.access": "Allow",
                            "security_rule.969778126.description": "",
                            "security_rule.969778126.destination_address_prefix": "*",
                            "security_rule.969778126.destination_address_prefixes.#": "0",
                            "security_rule.969778126.destination_application_security_group_ids.#": "0",
                            "security_rule.969778126.destination_port_range": "5000",
                            "security_rule.969778126.destination_port_ranges.#": "0",
                            "security_rule.969778126.direction": "Inbound",
                            "security_rule.969778126.name": "allow-docker-registry",
                            "security_rule.969778126.priority": "1040",
                            "security_rule.969778126.protocol": "Tcp",
                            "security_rule.969778126.source_address_prefix": "*",
                            "security_rule.969778126.source_address_prefixes.#": "0",
                            "security_rule.969778126.source_application_security_group_ids.#": "0",
                            "security_rule.969778126.source_port_range": "*",
                            "security_rule.969778126.source_port_ranges.#": "0",
                            "tags.%": "0"
                        },
                        "meta": {},
                        "tainted": false
                    },
                    "deposed": [],
                    "provider": "provider.azurerm"
                },
                "azurerm_public_ip.test": {
                    "type": "azurerm_public_ip",
                    "depends_on": [
                        "azurerm_resource_group.test"
                    ],
                    "primary": {
                        "id": "/subscriptions/61ed2619-32a9-45d9-8e24-771cc7c48d4a/resourceGroups/abs3/providers/Microsoft.Network/publicIPAddresses/abs-ip",
                        "attributes": {
                            "allocation_method": "Static",
                            "id": "/subscriptions/61ed2619-32a9-45d9-8e24-771cc7c48d4a/resourceGroups/abs3/providers/Microsoft.Network/publicIPAddresses/abs-ip",
                            "idle_timeout_in_minutes": "4",
                            "ip_address": "13.66.131.170",
                            "ip_version": "IPv4",
                            "location": "westus2",
                            "name": "abs-ip",
                            "public_ip_address_allocation": "Static",
                            "resource_group_name": "abs3",
                            "sku": "Basic",
                            "tags.%": "0",
                            "zones.#": "0"
                        },
                        "meta": {},
                        "tainted": false
                    },
                    "deposed": [],
                    "provider": "provider.azurerm"
                },
                "azurerm_resource_group.test": {
                    "type": "azurerm_resource_group",
                    "depends_on": [],
                    "primary": {
                        "id": "/subscriptions/61ed2619-32a9-45d9-8e24-771cc7c48d4a/resourceGroups/abs3",
                        "attributes": {
                            "id": "/subscriptions/61ed2619-32a9-45d9-8e24-771cc7c48d4a/resourceGroups/abs3",
                            "location": "westus2",
                            "name": "abs3",
                            "tags.%": "0"
                        },
                        "meta": {},
                        "tainted": false
                    },
                    "deposed": [],
                    "provider": "provider.azurerm"
                },
                "azurerm_storage_account.test": {
                    "type": "azurerm_storage_account",
                    "depends_on": [
                        "azurerm_resource_group.test",
                        "random_id.randomId"
                    ],
                    "primary": {
                        "id": "/subscriptions/61ed2619-32a9-45d9-8e24-771cc7c48d4a/resourceGroups/abs3/providers/Microsoft.Storage/storageAccounts/abs3registry930f3069",
                        "attributes": {
                            "access_tier": "Hot",
                            "account_encryption_source": "Microsoft.Storage",
                            "account_kind": "BlobStorage",
                            "account_replication_type": "LRS",
                            "account_tier": "Standard",
                            "account_type": "Standard_LRS",
                            "enable_blob_encryption": "true",
                            "enable_file_encryption": "true",
                            "enable_https_traffic_only": "false",
                            "id": "/subscriptions/61ed2619-32a9-45d9-8e24-771cc7c48d4a/resourceGroups/abs3/providers/Microsoft.Storage/storageAccounts/abs3registry930f3069",
                            "identity.#": "0",
                            "location": "westus2",
                            "name": "abs3registry930f3069",
                            "network_rules.#": "0",
                            "primary_access_key": "+b/tUMZfOJmQx5gKxV4AavcxMiTHMCXv95Z458+c8lKN89HKfkYPkQhugptBqFEO1QpiY4+rvBOkba/SzPezLA==",
                            "primary_blob_connection_string": "DefaultEndpointsProtocol=https;BlobEndpoint=https://abs3registry930f3069.blob.core.windows.net/;AccountName=abs3registry930f3069;AccountKey=+b/tUMZfOJmQx5gKxV4AavcxMiTHMCXv95Z458+c8lKN89HKfkYPkQhugptBqFEO1QpiY4+rvBOkba/SzPezLA==",
                            "primary_blob_endpoint": "https://abs3registry930f3069.blob.core.windows.net/",
                            "primary_connection_string": "DefaultEndpointsProtocol=https;AccountName=abs3registry930f3069;AccountKey=+b/tUMZfOJmQx5gKxV4AavcxMiTHMCXv95Z458+c8lKN89HKfkYPkQhugptBqFEO1QpiY4+rvBOkba/SzPezLA==;EndpointSuffix=core.windows.net",
                            "primary_file_endpoint": "",
                            "primary_location": "westus2",
                            "primary_queue_endpoint": "",
                            "primary_table_endpoint": "https://abs3registry930f3069.table.core.windows.net/",
                            "resource_group_name": "abs3",
                            "secondary_access_key": "W02BPkig9MloAKT5J6ytcY49rG87FJehTtf22JSMbHIfos6aB+LEBY/OvYa3qyL0qeoBAg+O5s08f2kOLPHjCg==",
                            "secondary_connection_string": "DefaultEndpointsProtocol=https;AccountName=abs3registry930f3069;AccountKey=W02BPkig9MloAKT5J6ytcY49rG87FJehTtf22JSMbHIfos6aB+LEBY/OvYa3qyL0qeoBAg+O5s08f2kOLPHjCg==;EndpointSuffix=core.windows.net",
                            "secondary_location": "",
                            "tags.%": "0"
                        },
                        "meta": {
                            "schema_version": "2"
                        },
                        "tainted": false
                    },
                    "deposed": [],
                    "provider": "provider.azurerm"
                },
                "azurerm_subnet.test": {
                    "type": "azurerm_subnet",
                    "depends_on": [
                        "azurerm_resource_group.test",
                        "azurerm_virtual_network.test"
                    ],
                    "primary": {
                        "id": "/subscriptions/61ed2619-32a9-45d9-8e24-771cc7c48d4a/resourceGroups/abs3/providers/Microsoft.Network/virtualNetworks/abs-network/subnets/abs-subnet",
                        "attributes": {
                            "address_prefix": "10.0.0.0/24",
                            "delegation.#": "0",
                            "id": "/subscriptions/61ed2619-32a9-45d9-8e24-771cc7c48d4a/resourceGroups/abs3/providers/Microsoft.Network/virtualNetworks/abs-network/subnets/abs-subnet",
                            "ip_configurations.#": "0",
                            "name": "abs-subnet",
                            "network_security_group_id": "",
                            "resource_group_name": "abs3",
                            "route_table_id": "",
                            "service_endpoints.#": "0",
                            "virtual_network_name": "abs-network"
                        },
                        "meta": {},
                        "tainted": false
                    },
                    "deposed": [],
                    "provider": "provider.azurerm"
                },
                "azurerm_virtual_network.test": {
                    "type": "azurerm_virtual_network",
                    "depends_on": [
                        "azurerm_resource_group.test"
                    ],
                    "primary": {
                        "id": "/subscriptions/61ed2619-32a9-45d9-8e24-771cc7c48d4a/resourceGroups/abs3/providers/Microsoft.Network/virtualNetworks/abs-network",
                        "attributes": {
                            "address_space.#": "1",
                            "address_space.0": "10.0.0.0/16",
                            "dns_servers.#": "0",
                            "id": "/subscriptions/61ed2619-32a9-45d9-8e24-771cc7c48d4a/resourceGroups/abs3/providers/Microsoft.Network/virtualNetworks/abs-network",
                            "location": "westus2",
                            "name": "abs-network",
                            "resource_group_name": "abs3",
                            "subnet.#": "0",
                            "tags.%": "0"
                        },
                        "meta": {},
                        "tainted": false
                    },
                    "deposed": [],
                    "provider": "provider.azurerm"
                },
                "random_id.randomId": {
                    "type": "random_id",
                    "depends_on": [
                        "azurerm_resource_group.test"
                    ],
                    "primary": {
                        "id": "kw8waQ",
                        "attributes": {
                            "b64": "kw8waQ",
                            "b64_std": "kw8waQ==",
                            "b64_url": "kw8waQ",
                            "byte_length": "4",
                            "dec": "2467246185",
                            "hex": "930f3069",
                            "id": "kw8waQ",
                            "keepers.%": "1",
                            "keepers.resource_group": "abs3"
                        },
                        "meta": {},
                        "tainted": false
                    },
                    "deposed": [],
                    "provider": "provider.random"
                },
                "tls_private_key.example": {
                    "type": "tls_private_key",
                    "depends_on": [],
                    "primary": {
                        "id": "0ef3daa9b03388fce1d73f724e8f9d7a8e930f94",
                        "attributes": {
                            "algorithm": "RSA",
                            "ecdsa_curve": "P224",
                            "id": "0ef3daa9b03388fce1d73f724e8f9d7a8e930f94",
                            "private_key_pem": "-----BEGIN RSA PRIVATE KEY-----\nMIIJKAIBAAKCAgEApLATpBm98Vc9RngD2VsDcYPIIYv9xDJeqElwzATNkBm3c70J\n3cBCoTDXDF78Q+zi2ogp5d/1nfUy5bcNWGExGvDwt3wkshEJHxg+eF+1Riam6X0v\n75PJDIvXilCwzM2AgSbxAI1IckaU+UN/+kAPQfpv9utCArQLeAerL5DCCzfMuY/i\nAiL+gd6RXLo16evhHXHPS8YtGPRpaTtKqb6YlGBPJZwQZAsxadd/rE3WmhADYUiR\n/pBjlzCbyatK63fs/U58/JsDo3aNKJvcBf2+HSYTUhWmTABHhBgYIZddwJaMtW+U\n9fSn2Cp+f70iKw4BrWOAWi3gq7c+dATNQuVwbuwwMjYI+wBHeONirDf1zKwm16PT\nNoLuqE+WX4QMS0DkDNMPe8ReUkhU5JpS3mYwBYJ+PqToHOrZ6CJwx+nHR60ozVHJ\nK5tIXdYLjjAlzD6KZ4Id8XNSL/DT7gPHwQg6JFwbr7PW58ZBXjnXyTXDhhvD7B0E\ndgC5nDYci8nPrnpTSl/ij7Q81JCsrmTwR17njuyrsTSxGTMUPcQrRrKYVC46i8oc\nvoejzsnzUlJIowiNQi31yzXE95e4JNzN51dAsqC+TvtiAyLTI+Fq8tQ6PU5Xyjrj\nt665vMZ8iAztLO+DB0dyd+u4Ze/se5jWTGJrCfbblBxmsdVuOcbDN5qeVPcCAwEA\nAQKCAgBD191fftNGtr+hZhN/2QSEINuzJi52QqHIBekXwurD8DQo07laxrcsHCib\nCg42FUIm8G0CK87NMZO0GkK/I9rM1HD1xYiAapAtZRlnEVZl/cpI6a9zrJfoOTuj\n2TXcSNQlYFtr9Mfhe74nKW1xNC6U6YxyVdwtrOoEmnQk9idZ47TMxL9AThY2fe+4\nGWXYZbmpHZdeCdfOLfG2zhwl7USB62LvhWkjLZE/nu0TmEVN1kbuLq0mB2lfgUDM\nRWppsk/I0iqfDWTkVBQ2pG5xcWR+MY9IA28sY/kSK7LVM7wFeH+ixsLAx/bVEDxo\ndwu6XNzIBvN7MucZFjX+KXQ9mLNF9Y2ISOOtO8uF16ylyNZysubvfveSoFhIhSXV\nVivzq6PQf4MTMKH6Jr70x89Y5vLJ6KZwVkXi1nI1AF6GkjIiRKZ4pP0jRR7x+m9L\n2r4hRKXeZLpgMoCNxosWTab+Uqjup4ClidsF9TIsXR1WXyQn3odLHJPo3WDkW/iX\nL2LC/XAmWe7jYEDwebE6ZVL9fi69K7iTWDP1DQhlPf7G4JssImGtjUhh8y1KcxLj\n3nFKcKXoUDQKxIaOg5kXYkIoBaUSxWEmZlnFoks/c+Fjv9dxtk1oVTUbPVrS0LDp\nj379CxSGih0+3vEsOswzv2xMiS4/Nt+0cKJ4jrxqokrL3QfgUQKCAQEAzCSzYyv5\npgEhpezBLhIzGvZdqk5Ot3l9d1Dg2SC9Kz0GuSMD+rRN7uugaLfKGG6xpkaVXKSW\nK1oqmEJm538ZSiF+8c1TOeW9UMIInzjf64fhpJ8xC9L1U8jNLclRj2OTa9KlCVAL\nVcvRUvEvWd1xEwF7tzvjRI2XHqW5XFrZT6a4yelQv+z0t2LvHo5BiGKkTeXgrn/1\nlFqVsCEI4KEf/Zkbf1MORu8TNQgDtEZyP0uJ5ABOXvGGNXafh6J7Y4cHMUpaZcWx\n1XeE8epVzkkBiSfUql10n3rKHHsMLzKlABunn3fVjDVJhqEFMamXx3JvbDCZNKWG\nYkN309Mu/0qc/QKCAQEAzoWbxz0PAxHGZdmeckkjtbMBInjZFEWw/DShgVGt/Ixq\nX0ymBpENbSSBjiG4Nb/NY6OAk/eoihXeGJupY5m0YbGrdQlJ3FkiadpGJh5Ji7PZ\nTYKmQ1gCDSI4BbcED6ZdgMzo9jB2EUt0JCiVOiWL28PYiDtoYBotSbXxgqi3M3tR\n+oLND/87IyNcyaj6zvz3kYm5rwdi/VMh8IndCCpTJN/etmlH6jxU3gOcSFq+7Ld/\nmnWVLxyKalHNSifajdt10Zz/E5IASSiNXSV5YKM34o1ykmNmtUwbiXJRx8M/3rNF\nzToi9/w5rHGJrKQCvlUNHR75AXFRhNUjtB00jH/WAwKCAQBWr3rxMLo40KAuKgO6\nAYZr+5O4froUVOV/Jfvkl29cjfRt5z2IVsoFG08pSGnryA1tsuk3xrfxvr75mrDB\nuonNnb2fBfZCTpj+UvaAThFfnXqmgea8w57jLhBaUfNtNPZjwbXM5414qCzB0KKv\nwUWDsYyMOUT/VjSGkg7M9dLzbLNpIcblSMR9nug1DGktdd2ZKnUnBDUPAwwvF0gC\nwsin0j0H6wfT/S8lxLp18bgPwo7SH4Mn891ulGmXmdpVYAAg4RbTwogKQk9UvpIj\nH4Mkb6JxmW+tTOHICEQbQqEoE5YxNBydBf+ryHJBLWfDDIfd5CEaZvNShJ28eB+r\nzk4tAoIBAQCL6hjPsp4pBjHTbsvZwZNf1hY+tIDdKxnsw/tnEV8+aiLmzZbte/gM\nqV7cXBvgzkDn8C18EZ0tcAM3yL3JrKh4R1ZRxCk2D20xKZ+802ggLYha6tiZZ1Z8\nb2Jk/MjTkXJngGuT3uEednAIzzXKXwWRre1U3mqoMRPdjFZCnur/Bd1USqmC3PfD\npoGGXeUNtnRDNXuHCQoXderYe44zqfkKUmEgU9NU7erRPsDyhAg1d1wL2P1pHXzo\n6uKaCsYWtUfs6uAk8hUfe0nKgUjqH6oM4qdsZct/qEA/riOZor3ysqHnmCt4tnic\nS49qVvNE33oy8HjicVM5Gu1FaUPgq/rhAoIBAD+GgU7Xs4pR3JG3TWK2+/0HYwLr\n8FN+e/gkMCBtOqchPBRi/pJQUG1fRVGbnNrK9F7D1Zs0wNlcJ1tLVks7D/ycYtXu\naQSSB20DU3Z0bAs8zsNCcAFDEef9r+EzEfvPNcbZlMYJBnplCn6QwOPtd4taD3W4\npWdI6qYnbAUtIMabNJA2jYpMNGH4dCDz7YIxKP3Bs33macsfnDLlXIF54NIGZt+u\nnKYgaxyfKvT2SrnUM2WoIcyHRYk7m1jMEaTLufU6CzcJFgyV7GuN6CWCpqUbdb1L\n/9dF1aF9BJmrH88IegTy53Km0aDr5t1TLKtrrERgrpnf/PKmX76X7DPJqE0=\n-----END RSA PRIVATE KEY-----\n",
                            "public_key_fingerprint_md5": "fb:86:20:6a:65:60:d0:e3:09:0c:87:ab:5a:4a:97:2c",
                            "public_key_openssh": "ssh-rsa AAAAB3NzaC1yc2EAAAADAQABAAACAQCksBOkGb3xVz1GeAPZWwNxg8ghi/3EMl6oSXDMBM2QGbdzvQndwEKhMNcMXvxD7OLaiCnl3/Wd9TLltw1YYTEa8PC3fCSyEQkfGD54X7VGJqbpfS/vk8kMi9eKULDMzYCBJvEAjUhyRpT5Q3/6QA9B+m/260ICtAt4B6svkMILN8y5j+ICIv6B3pFcujXp6+Edcc9Lxi0Y9GlpO0qpvpiUYE8lnBBkCzFp13+sTdaaEANhSJH+kGOXMJvJq0rrd+z9Tnz8mwOjdo0om9wF/b4dJhNSFaZMAEeEGBghl13Aloy1b5T19KfYKn5/vSIrDgGtY4BaLeCrtz50BM1C5XBu7DAyNgj7AEd442KsN/XMrCbXo9M2gu6oT5ZfhAxLQOQM0w97xF5SSFTkmlLeZjAFgn4+pOgc6tnoInDH6cdHrSjNUckrm0hd1guOMCXMPopngh3xc1Iv8NPuA8fBCDokXBuvs9bnxkFeOdfJNcOGG8PsHQR2ALmcNhyLyc+uelNKX+KPtDzUkKyuZPBHXueO7KuxNLEZMxQ9xCtGsphULjqLyhy+h6POyfNSUkijCI1CLfXLNcT3l7gk3M3nV0CyoL5O+2IDItMj4Wry1Do9TlfKOuO3rrm8xnyIDO0s74MHR3J367hl7+x7mNZMYmsJ9tuUHGax1W45xsM3mp5U9w==\n",
                            "public_key_pem": "-----BEGIN PUBLIC KEY-----\nMIICIjANBgkqhkiG9w0BAQEFAAOCAg8AMIICCgKCAgEApLATpBm98Vc9RngD2VsD\ncYPIIYv9xDJeqElwzATNkBm3c70J3cBCoTDXDF78Q+zi2ogp5d/1nfUy5bcNWGEx\nGvDwt3wkshEJHxg+eF+1Riam6X0v75PJDIvXilCwzM2AgSbxAI1IckaU+UN/+kAP\nQfpv9utCArQLeAerL5DCCzfMuY/iAiL+gd6RXLo16evhHXHPS8YtGPRpaTtKqb6Y\nlGBPJZwQZAsxadd/rE3WmhADYUiR/pBjlzCbyatK63fs/U58/JsDo3aNKJvcBf2+\nHSYTUhWmTABHhBgYIZddwJaMtW+U9fSn2Cp+f70iKw4BrWOAWi3gq7c+dATNQuVw\nbuwwMjYI+wBHeONirDf1zKwm16PTNoLuqE+WX4QMS0DkDNMPe8ReUkhU5JpS3mYw\nBYJ+PqToHOrZ6CJwx+nHR60ozVHJK5tIXdYLjjAlzD6KZ4Id8XNSL/DT7gPHwQg6\nJFwbr7PW58ZBXjnXyTXDhhvD7B0EdgC5nDYci8nPrnpTSl/ij7Q81JCsrmTwR17n\njuyrsTSxGTMUPcQrRrKYVC46i8ocvoejzsnzUlJIowiNQi31yzXE95e4JNzN51dA\nsqC+TvtiAyLTI+Fq8tQ6PU5Xyjrjt665vMZ8iAztLO+DB0dyd+u4Ze/se5jWTGJr\nCfbblBxmsdVuOcbDN5qeVPcCAwEAAQ==\n-----END PUBLIC KEY-----\n",
                            "rsa_bits": "4096"
                        },
                        "meta": {},
                        "tainted": false
                    },
                    "deposed": [],
                    "provider": "provider.tls"
                }
            },
            "depends_on": []
        }
    ]
}
